
Microsoft Visual Studio Solution File, Format Version 12.00
# Visual Studio Version 16
VisualStudioVersion = 16.0.810.17
MinimumVisualStudioVersion = 10.0.40219.1
Project("{FAE04EC0-301F-11D3-BF4B-00C04F79EFBC}") = "w3schools-c-sharp", "w3schools-c-sharp\w3schools-c-sharp.csproj", "{4C94A66C-BC3E-4692-A3CF-6FE1AF6EE968}"
EndProject
Global
	GlobalSection(SolutionConfigurationPlatforms) = preSolution
		Debug|anycpu = Debug|anycpu
		Release|anycpu = Release|anycpu
	EndGlobalSection
	GlobalSection(ProjectConfigurationPlatforms) = postSolution
		{4C94A66C-BC3E-4692-A3CF-6FE1AF6EE968}.Debug|anycpu.ActiveCfg = Debug|anycpu
		{4C94A66C-BC3E-4692-A3CF-6FE1AF6EE968}.Debug|anycpu.Build.0 = Debug|anycpu
		{4C94A66C-BC3E-4692-A3CF-6FE1AF6EE968}.Release|anycpu.ActiveCfg = Release|anycpu
		{4C94A66C-BC3E-4692-A3CF-6FE1AF6EE968}.Release|anycpu.Build.0 = Release|anycpu
	EndGlobalSection
	GlobalSection(SolutionProperties) = preSolution
		HideSolutionNode = FALSE
	EndGlobalSection
	GlobalSection(ExtensibilityGlobals) = postSolution
		SolutionGuid = {6464DBAB-EB66-46A6-A875-0BC6036B3B95}
	EndGlobalSection
EndGlobal
